github.com/BurntSushi/toml v1.5.0 h1:W5quZX/G/csjUnuI8SUYlsHs9M38FC7znL0lIO+DvMg=
github.com/BurntSushi/toml v1.5.0/go.mod h1:ukJfTF/6rtPPRCnwkur4qwRxa8vTRFBF0uk2lLoLwho=
github.com/seanpfeifer/rigging v0.4.1 h1:AMsMPIUpTUizcwBXX0FPh9x1i60o83Big8EZVe7QIl4=
github.com/seanpfeifer/rigging v0.4.1/go.mod h1:s6tgg7SuosGSmwroVDd02wdZ7tuWEl45lE6DWfAGR9w=
golang.org/x/oauth2 v0.30.0 h1:dnDm7JmhM45NNpd8FDDeLhK6FwqbOf4MLCM9zb1BOHI=
golang.org/x/oauth2 v0.30.0/go.mod h1:B++QgG3ZKulg6sRPGD/mqlHQs5rB3Ml9erfeDY7xKlU=
